
Microsoft Visual Studio Solution File, Format Version 12.00
# Visual Studio Version 17
VisualStudioVersion = 17.0.32126.317
MinimumVisualStudioVersion = 10.0.40219.1
Project("{FAE04EC0-301F-11D3-BF4B-00C04F79EFBC}") = "LoremIpsum Logística", "LoremIpsum Logística.csproj", "{1D8E488D-071A-4985-BB79-840FF9CD4568}"
EndProject
Project("{FAE04EC0-301F-11D3-BF4B-00C04F79EFBC}") = "Entidades", "..\Entidades\Entidades.csproj", "{0A5CD5E4-F32D-4AEA-94C8-B91E1ABCAE6E}"
EndProject
Project("{FAE04EC0-301F-11D3-BF4B-00C04F79EFBC}") = "Repositorio", "..\Repositorio\Repositorio.csproj", "{82156CA4-0AEE-4911-95B7-E3A0AF3B04C9}"
EndProject
Global
	GlobalSection(SolutionConfigurationPlatforms) = preSolution
		Debug|Any CPU = Debug|Any CPU
		Release|Any CPU = Release|Any CPU
	EndGlobalSection
	GlobalSection(ProjectConfigurationPlatforms) = postSolution
		{1D8E488D-071A-4985-BB79-840FF9CD4568}.Debug|Any CPU.ActiveCfg = Debug|Any CPU
		{1D8E488D-071A-4985-BB79-840FF9CD4568}.Debug|Any CPU.Build.0 = Debug|Any CPU
		{1D8E488D-071A-4985-BB79-840FF9CD4568}.Release|Any CPU.ActiveCfg = Release|Any CPU
		{1D8E488D-071A-4985-BB79-840FF9CD4568}.Release|Any CPU.Build.0 = Release|Any CPU
		{0A5CD5E4-F32D-4AEA-94C8-B91E1ABCAE6E}.Debug|Any CPU.ActiveCfg = Debug|Any CPU
		{0A5CD5E4-F32D-4AEA-94C8-B91E1ABCAE6E}.Debug|Any CPU.Build.0 = Debug|Any CPU
		{0A5CD5E4-F32D-4AEA-94C8-B91E1ABCAE6E}.Release|Any CPU.ActiveCfg = Release|Any CPU
		{0A5CD5E4-F32D-4AEA-94C8-B91E1ABCAE6E}.Release|Any CPU.Build.0 = Release|Any CPU
		{82156CA4-0AEE-4911-95B7-E3A0AF3B04C9}.Debug|Any CPU.ActiveCfg = Debug|Any CPU
		{82156CA4-0AEE-4911-95B7-E3A0AF3B04C9}.Debug|Any CPU.Build.0 = Debug|Any CPU
		{82156CA4-0AEE-4911-95B7-E3A0AF3B04C9}.Release|Any CPU.ActiveCfg = Release|Any CPU
		{82156CA4-0AEE-4911-95B7-E3A0AF3B04C9}.Release|Any CPU.Build.0 = Release|Any CPU
	EndGlobalSection
	GlobalSection(SolutionProperties) = preSolution
		HideSolutionNode = FALSE
	EndGlobalSection
	GlobalSection(ExtensibilityGlobals) = postSolution
		SolutionGuid = {1089F5E3-49C6-4D45-9460-00E724A188BA}
	EndGlobalSection
EndGlobal
